
Microsoft Visual Studio Solution File, Format Version 12.00
# Visual Studio 14
VisualStudioVersion = 14.0.25420.1
MinimumVisualStudioVersion = 10.0.40219.1
Project("{FAE04EC0-301F-11D3-BF4B-00C04F79EFBC}") = "ApplyInheritanceLesson_Family", "ApplyInheritanceLesson_Family\ApplyInheritanceLesson_Family.csproj", "{677D6328-C77B-401E-B466-C843DDD6DE27}"
EndProject
Global
	GlobalSection(SolutionConfigurationPlatforms) = preSolution
		Debug|Any CPU = Debug|Any CPU
		Release|Any CPU = Release|Any CPU
	EndGlobalSection
	GlobalSection(ProjectConfigurationPlatforms) = postSolution
		{677D6328-C77B-401E-B466-C843DDD6DE27}.Debug|Any CPU.ActiveCfg = Debug|Any CPU
		{677D6328-C77B-401E-B466-C843DDD6DE27}.Debug|Any CPU.Build.0 = Debug|Any CPU
		{677D6328-C77B-401E-B466-C843DDD6DE27}.Release|Any CPU.ActiveCfg = Release|Any CPU
		{677D6328-C77B-401E-B466-C843DDD6DE27}.Release|Any CPU.Build.0 = Release|Any CPU
	EndGlobalSection
	GlobalSection(SolutionProperties) = preSolution
		HideSolutionNode = FALSE
	EndGlobalSection
EndGlobal
